
Microsoft Visual Studio Solution File, Format Version 12.00
# Visual Studio Version 16
VisualStudioVersion = 16.0.28705.295
MinimumVisualStudioVersion = 10.0.40219.1
Project("{9A19103F-16F7-4668-BE54-9A1E7A4F7556}") = "WhatsMerged.WinForms", "WhatsMerged\WhatsMerged.WinForms.csproj", "{D6D4F7F2-FC3F-471C-B375-546706972A27}"
EndProject
Project("{2150E333-8FDC-42A3-9474-1A3956D46DE8}") = "Additional files", "Additional files", "{162FCCAD-B50F-4377-A15C-167A74EC4C9A}"
	ProjectSection(SolutionItems) = preProject
		LICENSE = LICENSE
		README.md = README.md
		WhatsMerged-01.png = WhatsMerged-01.png
	EndProjectSection
EndProject
Global
	GlobalSection(SolutionConfigurationPlatforms) = preSolution
		Debug|Any CPU = Debug|Any CPU
		Debug|ARM = Debug|ARM
		Debug|ARM64 = Debug|ARM64
		Debug|x64 = Debug|x64
		Debug|x86 = Debug|x86
		Release|Any CPU = Release|Any CPU
		Release|ARM = Release|ARM
		Release|ARM64 = Release|ARM64
		Release|x64 = Release|x64
		Release|x86 = Release|x86
	EndGlobalSection
	GlobalSection(ProjectConfigurationPlatforms) = postSolution
		{D6D4F7F2-FC3F-471C-B375-546706972A27}.Debug|Any CPU.ActiveCfg = Debug|Any CPU
		{D6D4F7F2-FC3F-471C-B375-546706972A27}.Debug|Any CPU.Build.0 = Debug|Any CPU
		{D6D4F7F2-FC3F-471C-B375-546706972A27}.Debug|ARM.ActiveCfg = Debug|Any CPU
		{D6D4F7F2-FC3F-471C-B375-546706972A27}.Debug|ARM.Build.0 = Debug|Any CPU
		{D6D4F7F2-FC3F-471C-B375-546706972A27}.Debug|ARM64.ActiveCfg = Debug|Any CPU
		{D6D4F7F2-FC3F-471C-B375-546706972A27}.Debug|ARM64.Build.0 = Debug|Any CPU
		{D6D4F7F2-FC3F-471C-B375-546706972A27}.Debug|x64.ActiveCfg = Debug|Any CPU
		{D6D4F7F2-FC3F-471C-B375-546706972A27}.Debug|x64.Build.0 = Debug|Any CPU
		{D6D4F7F2-FC3F-471C-B375-546706972A27}.Debug|x86.ActiveCfg = Debug|Any CPU
		{D6D4F7F2-FC3F-471C-B375-546706972A27}.Debug|x86.Build.0 = Debug|Any CPU
		{D6D4F7F2-FC3F-471C-B375-546706972A27}.Release|Any CPU.ActiveCfg = Release|Any CPU
		{D6D4F7F2-FC3F-471C-B375-546706972A27}.Release|Any CPU.Build.0 = Release|Any CPU
		{D6D4F7F2-FC3F-471C-B375-546706972A27}.Release|ARM.ActiveCfg = Release|Any CPU
		{D6D4F7F2-FC3F-471C-B375-546706972A27}.Release|ARM.Build.0 = Release|Any CPU
		{D6D4F7F2-FC3F-471C-B375-546706972A27}.Release|ARM64.ActiveCfg = Release|Any CPU
		{D6D4F7F2-FC3F-471C-B375-546706972A27}.Release|ARM64.Build.0 = Release|Any CPU
		{D6D4F7F2-FC3F-471C-B375-546706972A27}.Release|x64.ActiveCfg = Release|Any CPU
		{D6D4F7F2-FC3F-471C-B375-546706972A27}.Release|x64.Build.0 = Release|Any CPU
		{D6D4F7F2-FC3F-471C-B375-546706972A27}.Release|x86.ActiveCfg = Release|Any CPU
		{D6D4F7F2-FC3F-471C-B375-546706972A27}.Release|x86.Build.0 = Release|Any CPU
	EndGlobalSection
	GlobalSection(SolutionProperties) = preSolution
		HideSolutionNode = FALSE
	EndGlobalSection
	GlobalSection(ExtensibilityGlobals) = postSolution
		SolutionGuid = {B2D40D86-EC55-4EBE-9135-0B17B4C4ED2A}
	EndGlobalSection
EndGlobal
